// !$*UTF8*$!
{
	archiveVersion = 1;
	classes = {
	};
	objectVersion = 48;
	objects = {

/* Begin PBXBuildFile section */
		48C5EE8E20A0485900D5EE12 /* AppDelegate.swift in Sources */ = {isa = PBXBuildFile; fileRef = 48C5EE8D20A0485900D5EE12 /* AppDelegate.swift */; };
		48C5EE9520A0485900D5EE12 /* Assets.xcassets in Resources */ = {isa = PBXBuildFile; fileRef = 48C5EE9420A0485900D5EE12 /* Assets.xcassets */; };
		48C5EEA020A0487B00D5EE12 /* LaunchScreen.storyboard in Resources */ = {isa = PBXBuildFile; fileRef = 48C5EE9F20A0487B00D5EE12 /* LaunchScreen.storyboard */; };
		48C5EEA220A048FC00D5EE12 /* HomeViewController.swift in Sources */ = {isa = PBXBuildFile; fileRef = 48C5EEA120A048FC00D5EE12 /* HomeViewController.swift */; };
		48C5EEA520A049EE00D5EE12 /* DownloadImageOperation.swift in Sources */ = {isa = PBXBuildFile; fileRef = 48C5EEA420A049EE00D5EE12 /* DownloadImageOperation.swift */; };
		48C5EEA720A04CF600D5EE12 /* CustomCollectionViewCell.swift in Sources */ = {isa = PBXBuildFile; fileRef = 48C5EEA620A04CF600D5EE12 /* CustomCollectionViewCell.swift */; };
		48C5EEAB20A054FC00D5EE12 /* ExtensionUIImage.swift in Sources */ = {isa = PBXBuildFile; fileRef = 48C5EEAA20A054FC00D5EE12 /* ExtensionUIImage.swift */; };
		48C5EEAD20A05C3A00D5EE12 /* CustomCollectionViewLayout.swift in Sources */ = {isa = PBXBuildFile; fileRef = 48C5EEAC20A05C3900D5EE12 /* CustomCollectionViewLayout.swift */; };
/* End PBXBuildFile section */

/* Begin PBXFileReference section */
		484D0F2720A407C8004DF384 /* CustomUICollectionViewAndDownloadCacheImage-Bridging-Header.h */ = {isa = PBXFileReference; lastKnownFileType = sourcecode.c.h; path = "CustomUICollectionViewAndDownloadCacheImage-Bridging-Header.h"; sourceTree = "<group>"; };
		48C5EE8A20A0485800D5EE12 /* CustomUICollectionViewAndDownloadCacheImage.app */ = {isa = PBXFileReference; explicitFileType = wrapper.application; includeInIndex = 0; path = CustomUICollectionViewAndDownloadCacheImage.app; sourceTree = BUILT_PRODUCTS_DIR; };
		48C5EE8D20A0485900D5EE12 /* AppDelegate.swift */ = {isa = PBXFileReference; lastKnownFileType = sourcecode.swift; path = AppDelegate.swift; sourceTree = "<group>"; };
		48C5EE9420A0485900D5EE12 /* Assets.xcassets */ = {isa = PBXFileReference; lastKnownFileType = folder.assetcatalog; path = Assets.xcassets; sourceTree = "<group>"; };
		48C5EE9920A0485900D5EE12 /* Info.plist */ = {isa = PBXFileReference; lastKnownFileType = text.plist.xml; path = Info.plist; sourceTree = "<group>"; };
		48C5EE9F20A0487B00D5EE12 /* LaunchScreen.storyboard */ = {isa = PBXFileReference; lastKnownFileType = file.storyboard; path = LaunchScreen.storyboard; sourceTree = "<group>"; };
		48C5EEA120A048FC00D5EE12 /* HomeViewController.swift */ = {isa = PBXFileReference; lastKnownFileType = sourcecode.swift; path = HomeViewController.swift; sourceTree = "<group>"; };
		48C5EEA420A049EE00D5EE12 /* DownloadImageOperation.swift */ = {isa = PBXFileReference; fileEncoding = 4; lastKnownFileType = sourcecode.swift; path = DownloadImageOperation.swift; sourceTree = "<group>"; };
		48C5EEA620A04CF600D5EE12 /* CustomCollectionViewCell.swift */ = {isa = PBXFileReference; lastKnownFileType = sourcecode.swift; path = CustomCollectionViewCell.swift; sourceTree = "<group>"; };
		48C5EEAA20A054FC00D5EE12 /* ExtensionUIImage.swift */ = {isa = PBXFileReference; fileEncoding = 4; lastKnownFileType = sourcecode.swift; path = ExtensionUIImage.swift; sourceTree = "<group>"; };
		48C5EEAC20A05C3900D5EE12 /* CustomCollectionViewLayout.swift */ = {isa = PBXFileReference; lastKnownFileType = sourcecode.swift; path = CustomCollectionViewLayout.swift; sourceTree = "<group>"; };
/* End PBXFileReference section */

/* Begin PBXFrameworksBuildPhase section */
		48C5EE8720A0485800D5EE12 /* Frameworks */ = {
			isa = PBXFrameworksBuildPhase;
			buildActionMask = 2147483647;
			files = (
			);
			runOnlyForDeploymentPostprocessing = 0;
		};
/* End PBXFrameworksBuildPhase section */

/* Begin PBXGroup section */
		48C5EE8120A0485800D5EE12 = {
			isa = PBXGroup;
			children = (
				48C5EE8C20A0485800D5EE12 /* CustomUICollectionViewAndDownloadCacheImage */,
				48C5EE8B20A0485800D5EE12 /* Products */,
			);
			sourceTree = "<group>";
		};
		48C5EE8B20A0485800D5EE12 /* Products */ = {
			isa = PBXGroup;
			children = (
				48C5EE8A20A0485800D5EE12 /* CustomUICollectionViewAndDownloadCacheImage.app */,
			);
			name = Products;
			sourceTree = "<group>";
		};
		48C5EE8C20A0485800D5EE12 /* CustomUICollectionViewAndDownloadCacheImage */ = {
			isa = PBXGroup;
			children = (
				48C5EE8D20A0485900D5EE12 /* AppDelegate.swift */,
				48C5EEA120A048FC00D5EE12 /* HomeViewController.swift */,
				48C5EEA620A04CF600D5EE12 /* CustomCollectionViewCell.swift */,
				48C5EEAC20A05C3900D5EE12 /* CustomCollectionViewLayout.swift */,
				48C5EEA320A049E100D5EE12 /* Helpers */,
				48C5EE9420A0485900D5EE12 /* Assets.xcassets */,
				48C5EE9F20A0487B00D5EE12 /* LaunchScreen.storyboard */,
				48C5EE9920A0485900D5EE12 /* Info.plist */,
				484D0F2720A407C8004DF384 /* CustomUICollectionViewAndDownloadCacheImage-Bridging-Header.h */,
			);
			path = CustomUICollectionViewAndDownloadCacheImage;
			sourceTree = "<group>";
		};
		48C5EEA320A049E100D5EE12 /* Helpers */ = {
			isa = PBXGroup;
			children = (
				48C5EEA420A049EE00D5EE12 /* DownloadImageOperation.swift */,
				48C5EEAA20A054FC00D5EE12 /* ExtensionUIImage.swift */,
			);
			path = Helpers;
			sourceTree = "<group>";
		};
/* End PBXGroup section */

/* Begin PBXNativeTarget section */
		48C5EE8920A0485800D5EE12 /* CustomUICollectionViewAndDownloadCacheImage */ = {
			isa = PBXNativeTarget;
			buildConfigurationList = 48C5EE9C20A0485900D5EE12 /* Build configuration list for PBXNativeTarget "CustomUICollectionViewAndDownloadCacheImage" */;
			buildPhases = (
				48C5EE8620A0485800D5EE12 /* Sources */,
				48C5EE8720A0485800D5EE12 /* Frameworks */,
				48C5EE8820A0485800D5EE12 /* Resources */,
			);
			buildRules = (
			);
			dependencies = (
			);
			name = CustomUICollectionViewAndDownloadCacheImage;
			productName = CustomUICollectionViewAndDownloadCacheImage;
			productReference = 48C5EE8A20A0485800D5EE12 /* CustomUICollectionViewAndDownloadCacheImage.app */;
			productType = "com.apple.product-type.application";
		};
/* End PBXNativeTarget section */

/* Begin PBXProject section */
		48C5EE8220A0485800D5EE12 /* Project object */ = {
			isa = PBXProject;
			attributes = {
				LastSwiftUpdateCheck = 0920;
				LastUpgradeCheck = 0920;
				ORGANIZATIONNAME = "Cong Nguyen";
				TargetAttributes = {
					48C5EE8920A0485800D5EE12 = {
						CreatedOnToolsVersion = 9.2;
						LastSwiftMigration = 0920;
						ProvisioningStyle = Automatic;
					};
				};
			};
			buildConfigurationList = 48C5EE8520A0485800D5EE12 /* Build configuration list for PBXProject "CustomUICollectionViewAndDownloadCacheImage" */;
			compatibilityVersion = "Xcode 8.0";
			developmentRegion = en;
			hasScannedForEncodings = 0;
			knownRegions = (
				en,
				Base,
			);
			mainGroup = 48C5EE8120A0485800D5EE12;
			productRefGroup = 48C5EE8B20A0485800D5EE12 /* Products */;
			projectDirPath = "";
			projectRoot = "";
			targets = (
				48C5EE8920A0485800D5EE12 /* CustomUICollectionViewAndDownloadCacheImage */,
			);
		};
/* End PBXProject section */

/* Begin PBXResourcesBuildPhase section */
		48C5EE8820A0485800D5EE12 /* Resources */ = {
			isa = PBXResourcesBuildPhase;
			buildActionMask = 2147483647;
			files = (
				48C5EEA020A0487B00D5EE12 /* LaunchScreen.storyboard in Resources */,
				48C5EE9520A0485900D5EE12 /* Assets.xcassets in Resources */,
			);
			runOnlyForDeploymentPostprocessing = 0;
		};
/* End PBXResourcesBuildPhase section */

/* Begin PBXSourcesBuildPhase section */
		48C5EE8620A0485800D5EE12 /* Sources */ = {
			isa = PBXSourcesBuildPhase;
			buildActionMask = 2147483647;
			files = (
				48C5EEA520A049EE00D5EE12 /* DownloadImageOperation.swift in Sources */,
				48C5EEAB20A054FC00D5EE12 /* ExtensionUIImage.swift in Sources */,
				48C5EE8E20A0485900D5EE12 /* AppDelegate.swift in Sources */,
				48C5EEA220A048FC00D5EE12 /* HomeViewController.swift in Sources */,
				48C5EEAD20A05C3A00D5EE12 /* CustomCollectionViewLayout.swift in Sources */,
				48C5EEA720A04CF600D5EE12 /* CustomCollectionViewCell.swift in Sources */,
			);
			runOnlyForDeploymentPostprocessing = 0;
		};
/* End PBXSourcesBuildPhase section */

/* Begin XCBuildConfiguration section */
		48C5EE9A20A0485900D5EE12 /* Debug */ = {
			isa = XCBuildConfiguration;
			buildSettings = {
				ALWAYS_SEARCH_USER_PATHS = NO;
				CLANG_ANALYZER_NONNULL = YES;
				CLANG_ANALYZER_NUMBER_OBJECT_CONVERSION = YES_AGGRESSIVE;
				CLANG_CXX_LANGUAGE_STANDARD = "gnu++14";
				CLANG_CXX_LIBRARY = "libc++";
				CLANG_ENABLE_MODULES = YES;
				CLANG_ENABLE_OBJC_ARC = YES;
				CLANG_WARN_BLOCK_CAPTURE_AUTORELEASING = YES;
				CLANG_WARN_BOOL_CONVERSION = YES;
				CLANG_WARN_COMMA = YES;
				CLANG_WARN_CONSTANT_CONVERSION = YES;
				CLANG_WARN_DIRECT_OBJC_ISA_USAGE = YES_ERROR;
				CLANG_WARN_DOCUMENTATION_COMMENTS = YES;
				CLANG_WARN_EMPTY_BODY = YES;
				CLANG_WARN_ENUM_CONVERSION = YES;
				CLANG_WARN_INFINITE_RECURSION = YES;
				CLANG_WARN_INT_CONVERSION = YES;
				CLANG_WARN_NON_LITERAL_NULL_CONVERSION = YES;
				CLANG_WARN_OBJC_LITERAL_CONVERSION = YES;
				CLANG_WARN_OBJC_ROOT_CLASS = YES_ERROR;
				CLANG_WARN_RANGE_LOOP_ANALYSIS = YES;
				CLANG_WARN_STRICT_PROTOTYPES = YES;
				CLANG_WARN_SUSPICIOUS_MOVE = YES;
				CLANG_WARN_UNGUARDED_AVAILABILITY = YES_AGGRESSIVE;
				CLANG_WARN_UNREACHABLE_CODE = YES;
				CLANG_WARN__DUPLICATE_METHOD_MATCH = YES;
				CODE_SIGN_IDENTITY = "iPhone Developer";
				COPY_PHASE_STRIP = NO;
				DEBUG_INFORMATION_FORMAT = dwarf;
				ENABLE_STRICT_OBJC_MSGSEND = YES;
				ENABLE_TESTABILITY = YES;
				GCC_C_LANGUAGE_STANDARD = gnu11;
				GCC_DYNAMIC_NO_PIC = NO;
				GCC_NO_COMMON_BLOCKS = YES;
				GCC_OPTIMIZATION_LEVEL = 0;
				GCC_PREPROCESSOR_DEFINITIONS = (
					"DEBUG=1",
					"$(inherited)",
				);
				GCC_WARN_64_TO_32_BIT_CONVERSION = YES;
				GCC_WARN_ABOUT_RETURN_TYPE = YES_ERROR;
				GCC_WARN_UNDECLARED_SELECTOR = YES;
				GCC_WARN_UNINITIALIZED_AUTOS = YES_AGGRESSIVE;
				GCC_WARN_UNUSED_FUNCTION = YES;
				GCC_WARN_UNUSED_VARIABLE = YES;
				IPHONEOS_DEPLOYMENT_TARGET = 11.2;
				MTL_ENABLE_DEBUG_INFO = YES;
				ONLY_ACTIVE_ARCH = YES;
				SDKROOT = iphoneos;
				SWIFT_ACTIVE_COMPILATION_CONDITIONS = DEBUG;
				SWIFT_OPTIMIZATION_LEVEL = "-Onone";
			};
			name = Debug;
		};
		48C5EE9B20A0485900D5EE12 /* Release */ = {
			isa = XCBuildConfiguration;
			buildSettings = {
				ALWAYS_SEARCH_USER_PATHS = NO;
				CLANG_ANALYZER_NONNULL = YES;
				CLANG_ANALYZER_NUMBER_OBJECT_CONVERSION = YES_AGGRESSIVE;
				CLANG_CXX_LANGUAGE_STANDARD = "gnu++14";
				CLANG_CXX_LIBRARY = "libc++";
				CLANG_ENABLE_MODULES = YES;
				CLANG_ENABLE_OBJC_ARC = YES;
				CLANG_WARN_BLOCK_CAPTURE_AUTORELEASING = YES;
				CLANG_WARN_BOOL_CONVERSION = YES;
				CLANG_WARN_COMMA = YES;
				CLANG_WARN_CONSTANT_CONVERSION = YES;
				CLANG_WARN_DIRECT_OBJC_ISA_USAGE = YES_ERROR;
				CLANG_WARN_DOCUMENTATION_COMMENTS = YES;
				CLANG_WARN_EMPTY_BODY = YES;
				CLANG_WARN_ENUM_CONVERSION = YES;
				CLANG_WARN_INFINITE_RECURSION = YES;
				CLANG_WARN_INT_CONVERSION = YES;
				CLANG_WARN_NON_LITERAL_NULL_CONVERSION = YES;
				CLANG_WARN_OBJC_LITERAL_CONVERSION = YES;
				CLANG_WARN_OBJC_ROOT_CLASS = YES_ERROR;
				CLANG_WARN_RANGE_LOOP_ANALYSIS = YES;
				CLANG_WARN_STRICT_PROTOTYPES = YES;
				CLANG_WARN_SUSPICIOUS_MOVE = YES;
				CLANG_WARN_UNGUARDED_AVAILABILITY = YES_AGGRESSIVE;
				CLANG_WARN_UNREACHABLE_CODE = YES;
				CLANG_WARN__DUPLICATE_METHOD_MATCH = YES;
				CODE_SIGN_IDENTITY = "iPhone Developer";
				COPY_PHASE_STRIP = NO;
				DEBUG_INFORMATION_FORMAT = "dwarf-with-dsym";
				ENABLE_NS_ASSERTIONS = NO;
				ENABLE_STRICT_OBJC_MSGSEND = YES;
				GCC_C_LANGUAGE_STANDARD = gnu11;
				GCC_NO_COMMON_BLOCKS = YES;
				GCC_WARN_64_TO_32_BIT_CONVERSION = YES;
				GCC_WARN_ABOUT_RETURN_TYPE = YES_ERROR;
				GCC_WARN_UNDECLARED_SELECTOR = YES;
				GCC_WARN_UNINITIALIZED_AUTOS = YES_AGGRESSIVE;
				GCC_WARN_UNUSED_FUNCTION = YES;
				GCC_WARN_UNUSED_VARIABLE = YES;
				IPHONEOS_DEPLOYMENT_TARGET = 11.2;
				MTL_ENABLE_DEBUG_INFO = NO;
				SDKROOT = iphoneos;
				SWIFT_OPTIMIZATION_LEVEL = "-Owholemodule";
				VALIDATE_PRODUCT = YES;
			};
			name = Release;
		};
		48C5EE9D20A0485900D5EE12 /* Debug */ = {
			isa = XCBuildConfiguration;
			buildSettings = {
				ASSETCATALOG_COMPILER_APPICON_NAME = AppIcon;
				CLANG_ENABLE_MODULES = YES;
				CODE_SIGN_STYLE = Automatic;
				DEVELOPMENT_TEAM = P3DW42E4PH;
				INFOPLIST_FILE = CustomUICollectionViewAndDownloadCacheImage/Info.plist;
				LD_RUNPATH_SEARCH_PATHS = "$(inherited) @executable_path/Frameworks";
				PRODUCT_BUNDLE_IDENTIFIER = o00ontcong.CustomUICollectionViewAndDownloadCacheImage;
				PRODUCT_NAME = "$(TARGET_NAME)";
				SWIFT_OBJC_BRIDGING_HEADER = "CustomUICollectionViewAndDownloadCacheImage/CustomUICollectionViewAndDownloadCacheImage-Bridging-Header.h";
				SWIFT_OPTIMIZATION_LEVEL = "-Onone";
				SWIFT_VERSION = 4.0;
				TARGETED_DEVICE_FAMILY = "1,2";
			};
			name = Debug;
		};
		48C5EE9E20A0485900D5EE12 /* Release */ = {
			isa = XCBuildConfiguration;
			buildSettings = {
				ASSETCATALOG_COMPILER_APPICON_NAME = AppIcon;
				CLANG_ENABLE_MODULES = YES;
				CODE_SIGN_STYLE = Automatic;
				DEVELOPMENT_TEAM = P3DW42E4PH;
				INFOPLIST_FILE = CustomUICollectionViewAndDownloadCacheImage/Info.plist;
				LD_RUNPATH_SEARCH_PATHS = "$(inherited) @executable_path/Frameworks";
				PRODUCT_BUNDLE_IDENTIFIER = o00ontcong.CustomUICollectionViewAndDownloadCacheImage;
				PRODUCT_NAME = "$(TARGET_NAME)";
				SWIFT_OBJC_BRIDGING_HEADER = "CustomUICollectionViewAndDownloadCacheImage/CustomUICollectionViewAndDownloadCacheImage-Bridging-Header.h";
				SWIFT_VERSION = 4.0;
				TARGETED_DEVICE_FAMILY = "1,2";
			};
			name = Release;
		};
/* End XCBuildConfiguration section */

/* Begin XCConfigurationList section */
		48C5EE8520A0485800D5EE12 /* Build configuration list for PBXProject "CustomUICollectionViewAndDownloadCacheImage" */ = {
			isa = XCConfigurationList;
			buildConfigurations = (
				48C5EE9A20A0485900D5EE12 /* Debug */,
				48C5EE9B20A0485900D5EE12 /* Release */,
			);
			defaultConfigurationIsVisible = 0;
			defaultConfigurationName = Release;
		};
		48C5EE9C20A0485900D5EE12 /* Build configuration list for PBXNativeTarget "CustomUICollectionViewAndDownloadCacheImage" */ = {
			isa = XCConfigurationList;
			buildConfigurations = (
				48C5EE9D20A0485900D5EE12 /* Debug */,
				48C5EE9E20A0485900D5EE12 /* Release */,
			);
			defaultConfigurationIsVisible = 0;
			defaultConfigurationName = Release;
		};
/* End XCConfigurationList section */
	};
	rootObject = 48C5EE8220A0485800D5EE12 /* Project object */;
}
